
Microsoft Visual Studio Solution File, Format Version 9.00
# Visual Studio 2005
Project("{8BC9CEB8-8B4A-11D0-8D11-00A0C91BC942}") = "Simulador", "Simulador.vcproj", "{C5B749B9-E20B-4A47-A9F6-CE1841ED5BE2}"
EndProject
Global
	GlobalSection(SolutionConfigurationPlatforms) = preSolution
		Debug|Win32 = Debug|Win32
		EDF_Global|Win32 = EDF_Global|Win32
		EDF_PARTIAL_BF|Win32 = EDF_PARTIAL_BF|Win32
		EDF_Partial_FF|Win32 = EDF_Partial_FF|Win32
		EDF_Partial_NF|Win32 = EDF_Partial_NF|Win32
		EDF_Partial_WF|Win32 = EDF_Partial_WF|Win32
		Release|Win32 = Release|Win32
		RM_Global|Win32 = RM_Global|Win32
		RM_Partial_BF_DU_UO|Win32 = RM_Partial_BF_DU_UO|Win32
		RM_Partial_BF_IP|Win32 = RM_Partial_BF_IP|Win32
		RM_Partial_BF_LL|Win32 = RM_Partial_BF_LL|Win32
		RM_Partial_FF_DU_UO|Win32 = RM_Partial_FF_DU_UO|Win32
		RM_Partial_FF_IP|Win32 = RM_Partial_FF_IP|Win32
		RM_Partial_FF_LL|Win32 = RM_Partial_FF_LL|Win32
		RM_Partial_GT|Win32 = RM_Partial_GT|Win32
		RM_Partial_NF_IP|Win32 = RM_Partial_NF_IP|Win32
		RM_Partial_NF_LL|Win32 = RM_Partial_NF_LL|Win32
		RM_Partial_RBOUND_MP_BF|Win32 = RM_Partial_RBOUND_MP_BF|Win32
		RM_Partial_RBOUND_MP_NFR|Win32 = RM_Partial_RBOUND_MP_NFR|Win32
		RM_Partial_RBOUND_MP|Win32 = RM_Partial_RBOUND_MP|Win32
		RM_Partial_ST|Win32 = RM_Partial_ST|Win32
		RM_Partial_WF_LL|Win32 = RM_Partial_WF_LL|Win32
	EndGlobalSection
	GlobalSection(ProjectConfigurationPlatforms) = postSolution
		{C5B749B9-E20B-4A47-A9F6-CE1841ED5BE2}.Debug|Win32.ActiveCfg = Debug|Win32
		{C5B749B9-E20B-4A47-A9F6-CE1841ED5BE2}.Debug|Win32.Build.0 = Debug|Win32
		{C5B749B9-E20B-4A47-A9F6-CE1841ED5BE2}.EDF_Global|Win32.ActiveCfg = EDF_Global|Win32
		{C5B749B9-E20B-4A47-A9F6-CE1841ED5BE2}.EDF_Global|Win32.Build.0 = EDF_Global|Win32
		{C5B749B9-E20B-4A47-A9F6-CE1841ED5BE2}.EDF_PARTIAL_BF|Win32.ActiveCfg = EDF_PARTIAL_BF|Win32
		{C5B749B9-E20B-4A47-A9F6-CE1841ED5BE2}.EDF_PARTIAL_BF|Win32.Build.0 = EDF_PARTIAL_BF|Win32
		{C5B749B9-E20B-4A47-A9F6-CE1841ED5BE2}.EDF_Partial_FF|Win32.ActiveCfg = EDF_Partial_FF|Win32
		{C5B749B9-E20B-4A47-A9F6-CE1841ED5BE2}.EDF_Partial_FF|Win32.Build.0 = EDF_Partial_FF|Win32
		{C5B749B9-E20B-4A47-A9F6-CE1841ED5BE2}.EDF_Partial_NF|Win32.ActiveCfg = EDF_Partial_NF|Win32
		{C5B749B9-E20B-4A47-A9F6-CE1841ED5BE2}.EDF_Partial_NF|Win32.Build.0 = EDF_Partial_NF|Win32
		{C5B749B9-E20B-4A47-A9F6-CE1841ED5BE2}.EDF_Partial_WF|Win32.ActiveCfg = EDF_Partial_WF|Win32
		{C5B749B9-E20B-4A47-A9F6-CE1841ED5BE2}.EDF_Partial_WF|Win32.Build.0 = EDF_Partial_WF|Win32
		{C5B749B9-E20B-4A47-A9F6-CE1841ED5BE2}.Release|Win32.ActiveCfg = Release|Win32
		{C5B749B9-E20B-4A47-A9F6-CE1841ED5BE2}.Release|Win32.Build.0 = Release|Win32
		{C5B749B9-E20B-4A47-A9F6-CE1841ED5BE2}.RM_Global|Win32.ActiveCfg = RM_Global|Win32
		{C5B749B9-E20B-4A47-A9F6-CE1841ED5BE2}.RM_Global|Win32.Build.0 = RM_Global|Win32
		{C5B749B9-E20B-4A47-A9F6-CE1841ED5BE2}.RM_Partial_BF_DU_UO|Win32.ActiveCfg = RM_Partial_BF_DU_UO|Win32
		{C5B749B9-E20B-4A47-A9F6-CE1841ED5BE2}.RM_Partial_BF_DU_UO|Win32.Build.0 = RM_Partial_BF_DU_UO|Win32
		{C5B749B9-E20B-4A47-A9F6-CE1841ED5BE2}.RM_Partial_BF_IP|Win32.ActiveCfg = RM_Partial_BF_IP|Win32
		{C5B749B9-E20B-4A47-A9F6-CE1841ED5BE2}.RM_Partial_BF_IP|Win32.Build.0 = RM_Partial_BF_IP|Win32
		{C5B749B9-E20B-4A47-A9F6-CE1841ED5BE2}.RM_Partial_BF_LL|Win32.ActiveCfg = RM_Partial_BF_LL|Win32
		{C5B749B9-E20B-4A47-A9F6-CE1841ED5BE2}.RM_Partial_BF_LL|Win32.Build.0 = RM_Partial_BF_LL|Win32
		{C5B749B9-E20B-4A47-A9F6-CE1841ED5BE2}.RM_Partial_FF_DU_UO|Win32.ActiveCfg = RM_Partial_FF_DU_UO|Win32
		{C5B749B9-E20B-4A47-A9F6-CE1841ED5BE2}.RM_Partial_FF_DU_UO|Win32.Build.0 = RM_Partial_FF_DU_UO|Win32
		{C5B749B9-E20B-4A47-A9F6-CE1841ED5BE2}.RM_Partial_FF_IP|Win32.ActiveCfg = RM_Partial_FF_IP|Win32
		{C5B749B9-E20B-4A47-A9F6-CE1841ED5BE2}.RM_Partial_FF_IP|Win32.Build.0 = RM_Partial_FF_IP|Win32
		{C5B749B9-E20B-4A47-A9F6-CE1841ED5BE2}.RM_Partial_FF_LL|Win32.ActiveCfg = RM_Partial_FF_LL|Win32
		{C5B749B9-E20B-4A47-A9F6-CE1841ED5BE2}.RM_Partial_FF_LL|Win32.Build.0 = RM_Partial_FF_LL|Win32
		{C5B749B9-E20B-4A47-A9F6-CE1841ED5BE2}.RM_Partial_GT|Win32.ActiveCfg = RM_Partial_GT|Win32
		{C5B749B9-E20B-4A47-A9F6-CE1841ED5BE2}.RM_Partial_GT|Win32.Build.0 = RM_Partial_GT|Win32
		{C5B749B9-E20B-4A47-A9F6-CE1841ED5BE2}.RM_Partial_NF_IP|Win32.ActiveCfg = RM_Partial_NF_IP|Win32
		{C5B749B9-E20B-4A47-A9F6-CE1841ED5BE2}.RM_Partial_NF_IP|Win32.Build.0 = RM_Partial_NF_IP|Win32
		{C5B749B9-E20B-4A47-A9F6-CE1841ED5BE2}.RM_Partial_NF_LL|Win32.ActiveCfg = RM_Partial_NF_LL|Win32
		{C5B749B9-E20B-4A47-A9F6-CE1841ED5BE2}.RM_Partial_NF_LL|Win32.Build.0 = RM_Partial_NF_LL|Win32
		{C5B749B9-E20B-4A47-A9F6-CE1841ED5BE2}.RM_Partial_RBOUND_MP_BF|Win32.ActiveCfg = RM_Partial_RBOUND_MP_BF|Win32
		{C5B749B9-E20B-4A47-A9F6-CE1841ED5BE2}.RM_Partial_RBOUND_MP_BF|Win32.Build.0 = RM_Partial_RBOUND_MP_BF|Win32
		{C5B749B9-E20B-4A47-A9F6-CE1841ED5BE2}.RM_Partial_RBOUND_MP_NFR|Win32.ActiveCfg = RM_Partial_RBOUND_MP_NFR|Win32
		{C5B749B9-E20B-4A47-A9F6-CE1841ED5BE2}.RM_Partial_RBOUND_MP_NFR|Win32.Build.0 = RM_Partial_RBOUND_MP_NFR|Win32
		{C5B749B9-E20B-4A47-A9F6-CE1841ED5BE2}.RM_Partial_RBOUND_MP|Win32.ActiveCfg = RM_Partial_RBOUND_MP|Win32
		{C5B749B9-E20B-4A47-A9F6-CE1841ED5BE2}.RM_Partial_RBOUND_MP|Win32.Build.0 = RM_Partial_RBOUND_MP|Win32
		{C5B749B9-E20B-4A47-A9F6-CE1841ED5BE2}.RM_Partial_ST|Win32.ActiveCfg = RM_Partial_ST|Win32
		{C5B749B9-E20B-4A47-A9F6-CE1841ED5BE2}.RM_Partial_ST|Win32.Build.0 = RM_Partial_ST|Win32
		{C5B749B9-E20B-4A47-A9F6-CE1841ED5BE2}.RM_Partial_WF_LL|Win32.ActiveCfg = RM_Partial_WF_LL|Win32
		{C5B749B9-E20B-4A47-A9F6-CE1841ED5BE2}.RM_Partial_WF_LL|Win32.Build.0 = RM_Partial_WF_LL|Win32
	EndGlobalSection
	GlobalSection(SolutionProperties) = preSolution
		HideSolutionNode = FALSE
	EndGlobalSection
EndGlobal
