// !$*UTF8*$!
{
	archiveVersion = 1;
	classes = {
	};
	objectVersion = 39;
	objects = {
		014CEA520018CE5811CA2923 = {
			buildSettings = {
				COPY_PHASE_STRIP = NO;
				GCC_DYNAMIC_NO_PIC = NO;
				GCC_ENABLE_FIX_AND_CONTINUE = YES;
				GCC_GENERATE_DEBUGGING_SYMBOLS = YES;
				GCC_OPTIMIZATION_LEVEL = 0;
				OPTIMIZATION_CFLAGS = "-O0";
				ZERO_LINK = YES;
			};
			isa = PBXBuildStyle;
			name = Development;
		};
		014CEA530018CE5811CA2923 = {
			buildSettings = {
				COPY_PHASE_STRIP = YES;
				GCC_ENABLE_FIX_AND_CONTINUE = NO;
				ZERO_LINK = NO;
			};
			isa = PBXBuildStyle;
			name = Deployment;
		};
//010
//011
//012
//013
//014
//080
//081
//082
//083
//084
		08FB7793FE84155DC02AAC07 = {
			buildSettings = {
			};
			buildStyles = (
				014CEA520018CE5811CA2923,
				014CEA530018CE5811CA2923,
			);
			hasScannedForEncodings = 1;
			isa = PBXProject;
			mainGroup = 08FB7794FE84155DC02AAC07;
			projectDirPath = "";
			targets = (
				AABA7D82056EBF4C00A83669,
			);
		};
		08FB7794FE84155DC02AAC07 = {
			children = (
				F5438EB802E77E73019975B1,
				F5438EB902E77E73019975B1,
				F52C926A03A3F7A801A80104,
				08FB7795FE84155DC02AAC07,
				F5438ECC02E7AD0D019975B1,
				1AB674ADFE9D54B511CA2CBB,
				AABA7D96056EBF4C00A83669,
			);
			isa = PBXGroup;
			name = tcldom;
			refType = 4;
			sourceTree = "<group>";
		};
		08FB7795FE84155DC02AAC07 = {
			children = (
				AA4B5D0D083C7CC5002E0237,
				AA4B5D0E083C7CC5002E0237,
				AA4B5D07083C7C63002E0237,
				AA4B5D08083C7C63002E0237,
				AA4B5D03083C7C39002E0237,
			);
			isa = PBXGroup;
			name = "TclDOM-libxml2 Source";
			refType = 4;
			sourceTree = "<group>";
		};
//080
//081
//082
//083
//084
//1A0
//1A1
//1A2
//1A3
//1A4
		1AB674ADFE9D54B511CA2CBB = {
			children = (
				AABA7D97056EBF4C00A83669,
			);
			isa = PBXGroup;
			name = Products;
			refType = 4;
			sourceTree = "<group>";
		};
//1A0
//1A1
//1A2
//1A3
//1A4
//AA0
//AA1
//AA2
//AA3
//AA4
		AA18B62B056C6B60006D1B85 = {
			isa = PBXFileReference;
			lastKnownFileType = wrapper.framework;
			path = libxml.framework;
			refType = 3;
			sourceTree = BUILT_PRODUCTS_DIR;
		};
		AA18B669056C6B75006D1B85 = {
			isa = PBXFileReference;
			lastKnownFileType = wrapper.framework;
			path = tclxml.framework;
			refType = 3;
			sourceTree = BUILT_PRODUCTS_DIR;
		};
		AA18B689056C6B88006D1B85 = {
			isa = PBXFileReference;
			lastKnownFileType = wrapper.framework;
			path = "tclxml-libxml2.framework";
			refType = 3;
			sourceTree = BUILT_PRODUCTS_DIR;
		};
		AA4B5D03083C7C39002E0237 = {
			fileEncoding = 30;
			isa = PBXFileReference;
			lastKnownFileType = sourcecode.c.c;
			name = tcldomlibxml2.c;
			path = "../src-libxml2/tcldomlibxml2.c";
			refType = 2;
			sourceTree = SOURCE_ROOT;
		};
		AA4B5D04083C7C3A002E0237 = {
			fileRef = AA4B5D03083C7C39002E0237;
			isa = PBXBuildFile;
			settings = {
			};
		};
		AA4B5D07083C7C63002E0237 = {
			fileEncoding = 30;
			isa = PBXFileReference;
			lastKnownFileType = sourcecode.c.c;
			name = tcldomlibxml2StubInit.c;
			path = "../src-libxml2/tcldomlibxml2StubInit.c";
			refType = 2;
			sourceTree = SOURCE_ROOT;
		};
		AA4B5D08083C7C63002E0237 = {
			fileEncoding = 30;
			isa = PBXFileReference;
			lastKnownFileType = sourcecode.c.c;
			name = tcldomlibxml2StubLib.c;
			path = "../src-libxml2/tcldomlibxml2StubLib.c";
			refType = 2;
			sourceTree = SOURCE_ROOT;
		};
		AA4B5D09083C7C63002E0237 = {
			fileRef = AA4B5D07083C7C63002E0237;
			isa = PBXBuildFile;
			settings = {
			};
		};
		AA4B5D0A083C7C63002E0237 = {
			fileRef = AA4B5D08083C7C63002E0237;
			isa = PBXBuildFile;
			settings = {
			};
		};
		AA4B5D0D083C7CC5002E0237 = {
			fileEncoding = 30;
			isa = PBXFileReference;
			lastKnownFileType = sourcecode.c.h;
			name = tcldomlibxml2.h;
			path = "../include/tcldom-libxml2/tcldomlibxml2.h";
			refType = 2;
			sourceTree = SOURCE_ROOT;
		};
		AA4B5D0E083C7CC5002E0237 = {
			fileEncoding = 30;
			isa = PBXFileReference;
			lastKnownFileType = sourcecode.c.h;
			name = tcldomlibxml2Decls.h;
			path = "../include/tcldom-libxml2/tcldomlibxml2Decls.h";
			refType = 2;
			sourceTree = SOURCE_ROOT;
		};
		AA4B5D0F083C7CC5002E0237 = {
			fileRef = AA4B5D0D083C7CC5002E0237;
			isa = PBXBuildFile;
			settings = {
				ATTRIBUTES = (
					Public,
				);
			};
		};
		AA4B5D10083C7CC5002E0237 = {
			fileRef = AA4B5D0E083C7CC5002E0237;
			isa = PBXBuildFile;
			settings = {
				ATTRIBUTES = (
					Public,
				);
			};
		};
		AA6CB413086260FA00C52D6D = {
			fileEncoding = 30;
			isa = PBXFileReference;
			lastKnownFileType = text;
			name = domtext.tcl;
			path = ../examples/domtext.tcl;
			refType = 2;
			sourceTree = SOURCE_ROOT;
		};
		AA6CB414086260FA00C52D6D = {
			fileRef = AA6CB413086260FA00C52D6D;
			isa = PBXBuildFile;
			settings = {
			};
		};
		AA6CB4150862610B00C52D6D = {
			fileEncoding = 30;
			isa = PBXFileReference;
			lastKnownFileType = text;
			name = "domtree-treectrl.tcl";
			path = "../examples/domtree-treectrl.tcl";
			refType = 2;
			sourceTree = SOURCE_ROOT;
		};
		AA6CB4160862610B00C52D6D = {
			fileRef = AA6CB4150862610B00C52D6D;
			isa = PBXBuildFile;
			settings = {
			};
		};
		AA6CB4170862612300C52D6D = {
			fileEncoding = 30;
			isa = PBXFileReference;
			lastKnownFileType = text;
			name = cgi2dom.tcl;
			path = ../examples/cgi2dom.tcl;
			refType = 2;
			sourceTree = SOURCE_ROOT;
		};
		AA6CB4180862612300C52D6D = {
			fileRef = AA6CB4170862612300C52D6D;
			isa = PBXBuildFile;
			settings = {
			};
		};
		AA9C0FCC07877B7E00718DEF = {
			isa = PBXFileReference;
			lastKnownFileType = wrapper.framework;
			name = Tcl.framework;
			path = /Library/Frameworks/Tcl.framework;
			refType = 0;
			sourceTree = "<absolute>";
		};
		AA9C0FCD07877B7E00718DEF = {
			fileRef = AA9C0FCC07877B7E00718DEF;
			isa = PBXBuildFile;
			settings = {
			};
		};
		AABA7D82056EBF4C00A83669 = {
			buildPhases = (
				AABA7D9A056EBF7C00A83669,
				AABA7D84056EBF4C00A83669,
				AABA7D88056EBF4C00A83669,
				AABA7D8A056EBF4C00A83669,
				AABA7D8B056EBF4C00A83669,
				AABA7D8F056EBF4C00A83669,
				AABA7D94056EBF4C00A83669,
				AABA7DB8056EC04000A83669,
			);
			buildRules = (
			);
			buildSettings = {
				DYLIB_COMPATIBILITY_VERSION = 1;
				DYLIB_CURRENT_VERSION = 1;
				FRAMEWORK_SEARCH_PATHS = /Users/steve/build;
				FRAMEWORK_VERSION = 3.1;
				GCC_PREPROCESSOR_DEFINITIONS = "TCLDOM_LIBXML2_VERSION=\\\"3.1\\\"";
				GCC_WARN_FOUR_CHARACTER_CONSTANTS = NO;
				GCC_WARN_UNKNOWN_PRAGMAS = NO;
				HEADER_SEARCH_PATHS = "$(SRCROOT)/../include";
				INFOPLIST_FILE = "Info-tcldom_libxml2__Upgraded_.plist";
				INSTALL_PATH = "@executable_path/../Frameworks";
				LIBXML2_VERSION = 2.6.13;
				OTHER_CFLAGS = "";
				OTHER_LDFLAGS = "-seg1addr d300000";
				OTHER_LIBTOOL_FLAGS = "";
				OTHER_REZFLAGS = "";
				PRINCIPAL_CLASS = "";
				PRODUCT_NAME = "tcldom-libxml2";
				SECTORDER_FLAGS = "";
				SKIP_INSTALL = YES;
				WARNING_CFLAGS = "-Wmost";
				WRAPPER_EXTENSION = framework;
			};
			dependencies = (
			);
			isa = PBXNativeTarget;
			name = "tcldom-libxml2";
			productInstallPath = "@executable_path@/../Frameworks";
			productName = "tcldom-libxml2";
			productReference = AABA7D97056EBF4C00A83669;
			productType = "com.apple.product-type.framework";
		};
		AABA7D84056EBF4C00A83669 = {
			buildActionMask = 2147483647;
			files = (
				AABA7D85056EBF4C00A83669,
				AA4B5D0F083C7CC5002E0237,
				AA4B5D10083C7CC5002E0237,
			);
			isa = PBXHeadersBuildPhase;
			runOnlyForDeploymentPostprocessing = 0;
		};
		AABA7D85056EBF4C00A83669 = {
			fileRef = F5438EBB02E77E73019975B1;
			isa = PBXBuildFile;
			settings = {
				ATTRIBUTES = (
					Public,
				);
			};
		};
		AABA7D88056EBF4C00A83669 = {
			buildActionMask = 2147483647;
			files = (
				AA6CB414086260FA00C52D6D,
				AA6CB4160862610B00C52D6D,
				AA6CB4180862612300C52D6D,
			);
			isa = PBXResourcesBuildPhase;
			runOnlyForDeploymentPostprocessing = 0;
		};
		AABA7D8A056EBF4C00A83669 = {
			buildActionMask = 2147483647;
			files = (
			);
			isa = PBXShellScriptBuildPhase;
			runOnlyForDeploymentPostprocessing = 0;
			shellPath = /bin/sh;
			shellScript = "cd $SRCROOT/../src-libxml2\necho \"package ifneeded dom::libxml2 $FRAMEWORK_VERSION [list load [file join [file dirname [file dirname \\$dir]] tcldom-libxml2] Tcldom_libxml2]\npackage ifneeded dom $FRAMEWORK_VERSION \\\"\n    package require dom::libxml2 $FRAMEWORK_VERSION\n    source [file join \\$dir impl.tcl]\n    package provide dom $FRAMEWORK_VERSION\n\\\"\npackage ifneeded xmlswitch 1.0 [list source [file join \\$dir xmlswitch.tcl]]\npackage ifneeded cgi2dom 1.1 [list source [file join \\$dir cgi2dom.tcl]]\npackage ifneeded domtext 2.5 [list source [file join \\$dir domtext.tcl]]\npackage ifneeded domtree 2.5 [list source [file join \\$dir domtree.tcl]]\npackage ifneeded domtree::treectrl 3.1 [list source [file join \\$dir domtree-treectrl.tcl]]\n\" > pkgIndex.tcl\nmkdir -p $TARGET_BUILD_DIR/$TARGET_NAME.framework/Versions/$FRAMEWORK_VERSION/Resources/Scripts\ncp $SRCROOT/../src-libxml2/*.tcl $TARGET_BUILD_DIR/$TARGET_NAME.framework/Versions/$FRAMEWORK_VERSION/Resources/Scripts\ncp $SRCROOT/../library/xmlswitch.tcl $TARGET_BUILD_DIR/$TARGET_NAME.framework/Versions/$FRAMEWORK_VERSION/Resources/Scripts\ncp $SRCROOT/../library/cgi2dom.tcl $TARGET_BUILD_DIR/$TARGET_NAME.framework/Versions/$FRAMEWORK_VERSION/Resources/Scripts\ncp $SRCROOT/../library/domtext.tcl $TARGET_BUILD_DIR/$TARGET_NAME.framework/Versions/$FRAMEWORK_VERSION/Resources/Scripts\ncp $SRCROOT/../library/domtree.tcl $TARGET_BUILD_DIR/$TARGET_NAME.framework/Versions/$FRAMEWORK_VERSION/Resources/Scripts\ncp $SRCROOT/../library/domtree-treectrl.tcl $TARGET_BUILD_DIR/$TARGET_NAME.framework/Versions/$FRAMEWORK_VERSION/Resources/Scripts\ncp $SRCROOT/../src-libxml2/tcldomlibxml2Config.sh $TARGET_BUILD_DIR/$TARGET_NAME.framework/tcldomlibxml2Config.sh";
		};
		AABA7D8B056EBF4C00A83669 = {
			buildActionMask = 2147483647;
			files = (
				AA4B5D04083C7C3A002E0237,
				AA4B5D09083C7C63002E0237,
				AA4B5D0A083C7C63002E0237,
			);
			isa = PBXSourcesBuildPhase;
			runOnlyForDeploymentPostprocessing = 0;
		};
		AABA7D8F056EBF4C00A83669 = {
			buildActionMask = 2147483647;
			files = (
				AABA7D91056EBF4C00A83669,
				AABA7D92056EBF4C00A83669,
				AABA7D93056EBF4C00A83669,
				AA9C0FCD07877B7E00718DEF,
			);
			isa = PBXFrameworksBuildPhase;
			runOnlyForDeploymentPostprocessing = 0;
		};
		AABA7D91056EBF4C00A83669 = {
			fileRef = AA18B62B056C6B60006D1B85;
			isa = PBXBuildFile;
			settings = {
			};
		};
		AABA7D92056EBF4C00A83669 = {
			fileRef = AA18B669056C6B75006D1B85;
			isa = PBXBuildFile;
			settings = {
			};
		};
		AABA7D93056EBF4C00A83669 = {
			fileRef = AA18B689056C6B88006D1B85;
			isa = PBXBuildFile;
			settings = {
			};
		};
		AABA7D94056EBF4C00A83669 = {
			buildActionMask = 2147483647;
			files = (
			);
			isa = PBXRezBuildPhase;
			runOnlyForDeploymentPostprocessing = 0;
		};
		AABA7D96056EBF4C00A83669 = {
			isa = PBXFileReference;
			lastKnownFileType = text.plist;
			path = "Info-tcldom_libxml2__Upgraded_.plist";
			refType = 4;
			sourceTree = "<group>";
		};
		AABA7D97056EBF4C00A83669 = {
			explicitFileType = wrapper.framework;
			includeInIndex = 0;
			isa = PBXFileReference;
			path = "tcldom-libxml2.framework";
			refType = 3;
			sourceTree = BUILT_PRODUCTS_DIR;
		};
		AABA7D9A056EBF7C00A83669 = {
			buildActionMask = 2147483647;
			files = (
			);
			inputPaths = (
			);
			isa = PBXShellScriptBuildPhase;
			outputPaths = (
			);
			runOnlyForDeploymentPostprocessing = 0;
			shellPath = /bin/sh;
			shellScript = "cd ${SRCROOT}/../src-libxml2\nif [ configure -nt Makefile ]; then\n    ./configure --prefix=/usr --enable-threads --enable-framework --with-tcl=/Library/Frameworks/Tcl.framework --with-libxml2-include=${SRCROOT}/../../libxml2-${LIBXML2_VERSION}/include --with-libxml2-lib=${TARGET_BUILD_DIR}/libxml.framework ${EXTRA_CONFIGURE_FLAGS}\nfi\n";
		};
		AABA7DB8056EC04000A83669 = {
			buildActionMask = 2147483647;
			files = (
			);
			inputPaths = (
			);
			isa = PBXShellScriptBuildPhase;
			outputPaths = (
			);
			runOnlyForDeploymentPostprocessing = 0;
			shellPath = /bin/sh;
			shellScript = "cd \"${TARGET_BUILD_DIR}\"\nif [ -d embedded/tcldom-libxml2.framework ]; then\n    chmod -fR a+w embedded/tcldom-libxml2.framework\n    rm -rf embedded/tcldom-libxml2.framework\nfi\nmkdir -p embedded/tcldom-libxml2.framework\ncp -fpRPH tcldom-libxml2.framework embedded\n\n# fix install names when embedding\nfix_install_name ( ) {\n    chmod -RH a+w \"$1\"\n    install_name_tool -change $(otool -L \"$1\" | awk \"/$2\\.framework.*[^:]\\$/ {print \\$1; sub(\\\"^.*/Frameworks\\\",\\\"@executable_path/../Frameworks\\\",\\$1); print \\$1}\") \"$1\"\n    chmod -RH a-w \"$1\"   \n}\nfix_install_name embedded/tcldom-libxml2.framework/tcldom-libxml2 Tcl\n\nchmod -fR a-w embedded/tcldom-libxml2.framework\n";
		};
//AA0
//AA1
//AA2
//AA3
//AA4
//F50
//F51
//F52
//F53
//F54
		F52C926A03A3F7A801A80104 = {
			children = (
			);
			isa = PBXGroup;
			name = "TclDOM-libxml2 Scripts";
			refType = 4;
			sourceTree = "<group>";
		};
		F5438EB802E77E73019975B1 = {
			children = (
				AA6CB4170862612300C52D6D,
				AA6CB4150862610B00C52D6D,
				AA6CB413086260FA00C52D6D,
				F5438EC702E77EFA019975B1,
				F5438EC902E77EFA019975B1,
				F5438ECA02E77EFA019975B1,
				F5438EDD02E7D66B019975B1,
			);
			isa = PBXGroup;
			name = "TclDOM Scripts";
			refType = 4;
			sourceTree = "<group>";
		};
		F5438EB902E77E73019975B1 = {
			children = (
				F5438EBB02E77E73019975B1,
			);
			isa = PBXGroup;
			name = "TclDOM Source";
			refType = 4;
			sourceTree = "<group>";
		};
		F5438EBB02E77E73019975B1 = {
			fileEncoding = 30;
			isa = PBXFileReference;
			lastKnownFileType = sourcecode.c.h;
			name = tcldom.h;
			path = ../tcldom.h;
			refType = 2;
			sourceTree = SOURCE_ROOT;
		};
		F5438EC702E77EFA019975B1 = {
			fileEncoding = 30;
			isa = PBXFileReference;
			lastKnownFileType = text;
			name = dom.tcl;
			path = ../library/dom.tcl;
			refType = 2;
			sourceTree = SOURCE_ROOT;
		};
		F5438EC902E77EFA019975B1 = {
			fileEncoding = 30;
			isa = PBXFileReference;
			lastKnownFileType = text;
			name = dommap.tcl;
			path = ../library/dommap.tcl;
			refType = 2;
			sourceTree = SOURCE_ROOT;
		};
		F5438ECA02E77EFA019975B1 = {
			fileEncoding = 30;
			isa = PBXFileReference;
			lastKnownFileType = text;
			name = xmlswitch.tcl;
			path = ../library/xmlswitch.tcl;
			refType = 2;
			sourceTree = SOURCE_ROOT;
		};
		F5438ECC02E7AD0D019975B1 = {
			children = (
				AA9C0FCC07877B7E00718DEF,
				AA18B62B056C6B60006D1B85,
				AA18B669056C6B75006D1B85,
				AA18B689056C6B88006D1B85,
			);
			isa = PBXGroup;
			name = "External Frameworks";
			refType = 4;
			sourceTree = "<group>";
		};
		F5438EDD02E7D66B019975B1 = {
			fileEncoding = 30;
			isa = PBXFileReference;
			lastKnownFileType = text;
			name = pkgIndex.tcl;
			path = ../library/pkgIndex.tcl;
			refType = 2;
			sourceTree = SOURCE_ROOT;
		};
	};
	rootObject = 08FB7793FE84155DC02AAC07;
}
